
Microsoft Visual Studio Solution File, Format Version 12.00
# Visual Studio Version 16
VisualStudioVersion = 16.0.30611.23
MinimumVisualStudioVersion = 10.0.40219.1
Project("{FAE04EC0-301F-11D3-BF4B-00C04F79EFBC}") = "Chapter06_04", "Chapter06_04\Chapter06_04.csproj", "{C58B0732-B065-4BD0-8029-24BE2892087B}"
EndProject
Global
	GlobalSection(SolutionConfigurationPlatforms) = preSolution
		Debug|Any CPU = Debug|Any CPU
		Release|Any CPU = Release|Any CPU
	EndGlobalSection
	GlobalSection(ProjectConfigurationPlatforms) = postSolution
		{C58B0732-B065-4BD0-8029-24BE2892087B}.Debug|Any CPU.ActiveCfg = Debug|Any CPU
		{C58B0732-B065-4BD0-8029-24BE2892087B}.Debug|Any CPU.Build.0 = Debug|Any CPU
		{C58B0732-B065-4BD0-8029-24BE2892087B}.Release|Any CPU.ActiveCfg = Release|Any CPU
		{C58B0732-B065-4BD0-8029-24BE2892087B}.Release|Any CPU.Build.0 = Release|Any CPU
	EndGlobalSection
	GlobalSection(SolutionProperties) = preSolution
		HideSolutionNode = FALSE
	EndGlobalSection
	GlobalSection(ExtensibilityGlobals) = postSolution
		SolutionGuid = {51F38EF1-71FD-4992-BA7F-61BD8E2766AC}
	EndGlobalSection
EndGlobal
