
Microsoft Visual Studio Solution File, Format Version 12.00
# Visual Studio Version 16
VisualStudioVersion = 16.0.30611.23
MinimumVisualStudioVersion = 10.0.40219.1
Project("{FAE04EC0-301F-11D3-BF4B-00C04F79EFBC}") = "Chapter04_02", "Chapter04_02\Chapter04_02.csproj", "{0B7D8B06-E49B-4825-A475-4702A4247DA1}"
EndProject
Global
	GlobalSection(SolutionConfigurationPlatforms) = preSolution
		Debug|Any CPU = Debug|Any CPU
		Release|Any CPU = Release|Any CPU
	EndGlobalSection
	GlobalSection(ProjectConfigurationPlatforms) = postSolution
		{0B7D8B06-E49B-4825-A475-4702A4247DA1}.Debug|Any CPU.ActiveCfg = Debug|Any CPU
		{0B7D8B06-E49B-4825-A475-4702A4247DA1}.Debug|Any CPU.Build.0 = Debug|Any CPU
		{0B7D8B06-E49B-4825-A475-4702A4247DA1}.Release|Any CPU.ActiveCfg = Release|Any CPU
		{0B7D8B06-E49B-4825-A475-4702A4247DA1}.Release|Any CPU.Build.0 = Release|Any CPU
	EndGlobalSection
	GlobalSection(SolutionProperties) = preSolution
		HideSolutionNode = FALSE
	EndGlobalSection
	GlobalSection(ExtensibilityGlobals) = postSolution
		SolutionGuid = {CD1A6B73-DADB-4467-9C3B-8A5F4887EC92}
	EndGlobalSection
EndGlobal
